
Microsoft Visual Studio Solution File, Format Version 12.00
# Visual Studio Version 16
VisualStudioVersion = 16.0.30717.126
MinimumVisualStudioVersion = 10.0.40219.1
Project("{9A19103F-16F7-4668-BE54-9A1E7A4F7556}") = "Claudenes.Almeida.K2.Calc", "Claudenes.Almeida.K2.Calc\Claudenes.Almeida.K2.Calc.csproj", "{751274AC-CB6D-41EF-95D7-E404D048D70A}"
EndProject
Project("{9A19103F-16F7-4668-BE54-9A1E7A4F7556}") = "Claudenes.Almeida.K2.Calc_Teste", "Claudenes.Almeida.K2.Calc_Teste\Claudenes.Almeida.K2.Calc_Teste.csproj", "{6BD265BE-73B6-440E-826D-DF8D9D61187F}"
EndProject
Global
	GlobalSection(SolutionConfigurationPlatforms) = preSolution
		Debug|Any CPU = Debug|Any CPU
		Release|Any CPU = Release|Any CPU
	EndGlobalSection
	GlobalSection(ProjectConfigurationPlatforms) = postSolution
		{751274AC-CB6D-41EF-95D7-E404D048D70A}.Debug|Any CPU.ActiveCfg = Debug|Any CPU
		{751274AC-CB6D-41EF-95D7-E404D048D70A}.Debug|Any CPU.Build.0 = Debug|Any CPU
		{751274AC-CB6D-41EF-95D7-E404D048D70A}.Release|Any CPU.ActiveCfg = Release|Any CPU
		{751274AC-CB6D-41EF-95D7-E404D048D70A}.Release|Any CPU.Build.0 = Release|Any CPU
		{6BD265BE-73B6-440E-826D-DF8D9D61187F}.Debug|Any CPU.ActiveCfg = Debug|Any CPU
		{6BD265BE-73B6-440E-826D-DF8D9D61187F}.Debug|Any CPU.Build.0 = Debug|Any CPU
		{6BD265BE-73B6-440E-826D-DF8D9D61187F}.Release|Any CPU.ActiveCfg = Release|Any CPU
		{6BD265BE-73B6-440E-826D-DF8D9D61187F}.Release|Any CPU.Build.0 = Release|Any CPU
	EndGlobalSection
	GlobalSection(SolutionProperties) = preSolution
		HideSolutionNode = FALSE
	EndGlobalSection
	GlobalSection(ExtensibilityGlobals) = postSolution
		SolutionGuid = {B94B94CF-9E02-4F17-944F-59A9C2B8705A}
	EndGlobalSection
EndGlobal
